
Microsoft Visual Studio Solution File, Format Version 12.00
# Visual Studio Version 17
VisualStudioVersion = 17.3.32929.385
MinimumVisualStudioVersion = 10.0.40219.1
Project("{FAE04EC0-301F-11D3-BF4B-00C04F79EFBC}") = "StatusCodeEx", "StatusCodeEx\StatusCodeEx.csproj", "{5515FDD7-F76F-42FA-B25B-A1CE8019BCD0}"
EndProject
Global
	GlobalSection(SolutionConfigurationPlatforms) = preSolution
		Debug|Any CPU = Debug|Any CPU
		Release|Any CPU = Release|Any CPU
	EndGlobalSection
	GlobalSection(ProjectConfigurationPlatforms) = postSolution
		{5515FDD7-F76F-42FA-B25B-A1CE8019BCD0}.Debug|Any CPU.ActiveCfg = Debug|Any CPU
		{5515FDD7-F76F-42FA-B25B-A1CE8019BCD0}.Debug|Any CPU.Build.0 = Debug|Any CPU
		{5515FDD7-F76F-42FA-B25B-A1CE8019BCD0}.Release|Any CPU.ActiveCfg = Release|Any CPU
		{5515FDD7-F76F-42FA-B25B-A1CE8019BCD0}.Release|Any CPU.Build.0 = Release|Any CPU
	EndGlobalSection
	GlobalSection(SolutionProperties) = preSolution
		HideSolutionNode = FALSE
	EndGlobalSection
	GlobalSection(ExtensibilityGlobals) = postSolution
		SolutionGuid = {1909D46F-2F6A-4AB9-A524-31FC8A26E0F9}
	EndGlobalSection
EndGlobal
