
Microsoft Visual Studio Solution File, Format Version 12.00
# Visual Studio Version 17
VisualStudioVersion = 17.3.32929.385
MinimumVisualStudioVersion = 10.0.40219.1
Project("{FAE04EC0-301F-11D3-BF4B-00C04F79EFBC}") = "TestAPI", "TestAPI\TestAPI.csproj", "{919F879E-E593-4D1B-9EB0-58AE3F30BA59}"
EndProject
Global
	GlobalSection(SolutionConfigurationPlatforms) = preSolution
		Debug|Any CPU = Debug|Any CPU
		Release|Any CPU = Release|Any CPU
	EndGlobalSection
	GlobalSection(ProjectConfigurationPlatforms) = postSolution
		{919F879E-E593-4D1B-9EB0-58AE3F30BA59}.Debug|Any CPU.ActiveCfg = Debug|Any CPU
		{919F879E-E593-4D1B-9EB0-58AE3F30BA59}.Debug|Any CPU.Build.0 = Debug|Any CPU
		{919F879E-E593-4D1B-9EB0-58AE3F30BA59}.Release|Any CPU.ActiveCfg = Release|Any CPU
		{919F879E-E593-4D1B-9EB0-58AE3F30BA59}.Release|Any CPU.Build.0 = Release|Any CPU
	EndGlobalSection
	GlobalSection(SolutionProperties) = preSolution
		HideSolutionNode = FALSE
	EndGlobalSection
	GlobalSection(ExtensibilityGlobals) = postSolution
		SolutionGuid = {779B8E68-1653-43E8-BAFE-326D4E893802}
	EndGlobalSection
EndGlobal
